
Microsoft Visual Studio Solution File, Format Version 12.00
# Visual Studio 15
VisualStudioVersion = 15.0.28307.168
MinimumVisualStudioVersion = 10.0.40219.1
Project("{FAE04EC0-301F-11D3-BF4B-00C04F79EFBC}") = "Site2", "Site2\Site2.csproj", "{90114026-8CCE-48A1-BEFE-439120EA479A}"
EndProject
Global
	GlobalSection(SolutionConfigurationPlatforms) = preSolution
		Debug|Any CPU = Debug|Any CPU
		Release|Any CPU = Release|Any CPU
	EndGlobalSection
	GlobalSection(ProjectConfigurationPlatforms) = postSolution
		{90114026-8CCE-48A1-BEFE-439120EA479A}.Debug|Any CPU.ActiveCfg = Debug|Any CPU
		{90114026-8CCE-48A1-BEFE-439120EA479A}.Debug|Any CPU.Build.0 = Debug|Any CPU
		{90114026-8CCE-48A1-BEFE-439120EA479A}.Release|Any CPU.ActiveCfg = Release|Any CPU
		{90114026-8CCE-48A1-BEFE-439120EA479A}.Release|Any CPU.Build.0 = Release|Any CPU
	EndGlobalSection
	GlobalSection(SolutionProperties) = preSolution
		HideSolutionNode = FALSE
	EndGlobalSection
	GlobalSection(ExtensibilityGlobals) = postSolution
		SolutionGuid = {2D6244D4-4EC5-4CE1-927E-1452DE641B2F}
	EndGlobalSection
EndGlobal
